
Microsoft Visual Studio Solution File, Format Version 12.00
# Visual Studio Version 17
VisualStudioVersion = 17.0.31903.59
MinimumVisualStudioVersion = 10.0.40219.1
Project("{FAE04EC0-301F-11D3-BF4B-00C04F79EFBC}") = "get_started", "get_started\get_started.csproj", "{C93102B9-6489-4B62-B5E2-1E9F5E05DAB7}"
EndProject
Project("{FAE04EC0-301F-11D3-BF4B-00C04F79EFBC}") = "get_started.test", "get_started.test\get_started.test.csproj", "{F70260ED-8DBD-40D3-8132-5EF0BA76B81C}"
EndProject
Global
	GlobalSection(SolutionConfigurationPlatforms) = preSolution
		Debug|Any CPU = Debug|Any CPU
		Release|Any CPU = Release|Any CPU
	EndGlobalSection
	GlobalSection(SolutionProperties) = preSolution
		HideSolutionNode = FALSE
	EndGlobalSection
	GlobalSection(ProjectConfigurationPlatforms) = postSolution
		{C93102B9-6489-4B62-B5E2-1E9F5E05DAB7}.Debug|Any CPU.ActiveCfg = Debug|Any CPU
		{C93102B9-6489-4B62-B5E2-1E9F5E05DAB7}.Debug|Any CPU.Build.0 = Debug|Any CPU
		{C93102B9-6489-4B62-B5E2-1E9F5E05DAB7}.Release|Any CPU.ActiveCfg = Release|Any CPU
		{C93102B9-6489-4B62-B5E2-1E9F5E05DAB7}.Release|Any CPU.Build.0 = Release|Any CPU
		{F70260ED-8DBD-40D3-8132-5EF0BA76B81C}.Debug|Any CPU.ActiveCfg = Debug|Any CPU
		{F70260ED-8DBD-40D3-8132-5EF0BA76B81C}.Debug|Any CPU.Build.0 = Debug|Any CPU
		{F70260ED-8DBD-40D3-8132-5EF0BA76B81C}.Release|Any CPU.ActiveCfg = Release|Any CPU
		{F70260ED-8DBD-40D3-8132-5EF0BA76B81C}.Release|Any CPU.Build.0 = Release|Any CPU
	EndGlobalSection
EndGlobal
